// !$*UTF8*$!
{
	archiveVersion = 1;
	classes = {
	};
	objectVersion = 52;
	objects = {

/* Begin PBXBuildFile section */
		DE392C2F260A8CBD00715173 /* AppDelegate.swift in Sources */ = {isa = PBXBuildFile; fileRef = DE392C2E260A8CBD00715173 /* AppDelegate.swift */; };
		DE392C31260A8CBD00715173 /* SceneDelegate.swift in Sources */ = {isa = PBXBuildFile; fileRef = DE392C30260A8CBD00715173 /* SceneDelegate.swift */; };
		DE392C33260A8CBD00715173 /* ContentView.swift in Sources */ = {isa = PBXBuildFile; fileRef = DE392C32260A8CBD00715173 /* ContentView.swift */; };
		DE392C38260A8CBF00715173 /* Assets.xcassets in Resources */ = {isa = PBXBuildFile; fileRef = DE392C37260A8CBF00715173 /* Assets.xcassets */; };
		DE392C3B260A8CBF00715173 /* Preview Assets.xcassets in Resources */ = {isa = PBXBuildFile; fileRef = DE392C3A260A8CBF00715173 /* Preview Assets.xcassets */; };
		DE392C3E260A8CBF00715173 /* LaunchScreen.storyboard in Resources */ = {isa = PBXBuildFile; fileRef = DE392C3C260A8CBF00715173 /* LaunchScreen.storyboard */; };
		DE392C49260A8CBF00715173 /* Poz_v3Tests.swift in Sources */ = {isa = PBXBuildFile; fileRef = DE392C48260A8CBF00715173 /* Poz_v3Tests.swift */; };
		DE392C54260A8CC000715173 /* Poz_v3UITests.swift in Sources */ = {isa = PBXBuildFile; fileRef = DE392C53260A8CC000715173 /* Poz_v3UITests.swift */; };
		DE392C6B260A8D8200715173 /* Blueberry Regular.otf in Resources */ = {isa = PBXBuildFile; fileRef = DE392C66260A8CC600715173 /* Blueberry Regular.otf */; };
		DE392C6F260A8D8200715173 /* Blueberry Regular.otf in Resources */ = {isa = PBXBuildFile; fileRef = DE392C66260A8CC600715173 /* Blueberry Regular.otf */; };
		DE392C73260A8D8300715173 /* Blueberry Regular.otf in Resources */ = {isa = PBXBuildFile; fileRef = DE392C66260A8CC600715173 /* Blueberry Regular.otf */; };
		DE392C77260A8D8500715173 /* Poppins-Bold.ttf in Resources */ = {isa = PBXBuildFile; fileRef = DE392C67260A8CC600715173 /* Poppins-Bold.ttf */; };
		DE392C7B260A8D8500715173 /* Poppins-Bold.ttf in Resources */ = {isa = PBXBuildFile; fileRef = DE392C67260A8CC600715173 /* Poppins-Bold.ttf */; };
		DE392C7F260A8D8600715173 /* Poppins-Bold.ttf in Resources */ = {isa = PBXBuildFile; fileRef = DE392C67260A8CC600715173 /* Poppins-Bold.ttf */; };
		DE392C83260A8D8800715173 /* Poppins-Light.ttf in Resources */ = {isa = PBXBuildFile; fileRef = DE392C65260A8CC600715173 /* Poppins-Light.ttf */; };
		DE392C87260A8D8800715173 /* Poppins-Light.ttf in Resources */ = {isa = PBXBuildFile; fileRef = DE392C65260A8CC600715173 /* Poppins-Light.ttf */; };
		DE392C8B260A8D8800715173 /* Poppins-Light.ttf in Resources */ = {isa = PBXBuildFile; fileRef = DE392C65260A8CC600715173 /* Poppins-Light.ttf */; };
		DE392C8F260A8D8B00715173 /* Poppins-Regular.ttf in Resources */ = {isa = PBXBuildFile; fileRef = DE392C64260A8CC600715173 /* Poppins-Regular.ttf */; };
		DE392C93260A8D8B00715173 /* Poppins-Regular.ttf in Resources */ = {isa = PBXBuildFile; fileRef = DE392C64260A8CC600715173 /* Poppins-Regular.ttf */; };
		DE392C97260A8D8B00715173 /* Poppins-Regular.ttf in Resources */ = {isa = PBXBuildFile; fileRef = DE392C64260A8CC600715173 /* Poppins-Regular.ttf */; };
		DE392C9C260A8DD400715173 /* Poppins-Medium.ttf in Resources */ = {isa = PBXBuildFile; fileRef = DE392C9B260A8DD400715173 /* Poppins-Medium.ttf */; };
		DE392C9D260A8DD400715173 /* Poppins-Medium.ttf in Resources */ = {isa = PBXBuildFile; fileRef = DE392C9B260A8DD400715173 /* Poppins-Medium.ttf */; };
		DE392C9E260A8DD400715173 /* Poppins-Medium.ttf in Resources */ = {isa = PBXBuildFile; fileRef = DE392C9B260A8DD400715173 /* Poppins-Medium.ttf */; };
		DE392CAC260A9F2600715173 /* HomeView.swift in Sources */ = {isa = PBXBuildFile; fileRef = DE392CAB260A9F2600715173 /* HomeView.swift */; };
		DE392CAD260A9F2600715173 /* HomeView.swift in Sources */ = {isa = PBXBuildFile; fileRef = DE392CAB260A9F2600715173 /* HomeView.swift */; };
		DE392CAE260A9F2600715173 /* HomeView.swift in Sources */ = {isa = PBXBuildFile; fileRef = DE392CAB260A9F2600715173 /* HomeView.swift */; };
		DE392CBA260AA22300715173 /* ContentView.swift in Sources */ = {isa = PBXBuildFile; fileRef = DE392C32260A8CBD00715173 /* ContentView.swift */; };
		DE392CBB260AA22300715173 /* ContentView.swift in Sources */ = {isa = PBXBuildFile; fileRef = DE392C32260A8CBD00715173 /* ContentView.swift */; };
		DE392CC3260AA28000715173 /* AddNoteView.swift in Sources */ = {isa = PBXBuildFile; fileRef = DE392CC2260AA28000715173 /* AddNoteView.swift */; };
		DE392CC4260AA28000715173 /* AddNoteView.swift in Sources */ = {isa = PBXBuildFile; fileRef = DE392CC2260AA28000715173 /* AddNoteView.swift */; };
		DE392CC5260AA28000715173 /* AddNoteView.swift in Sources */ = {isa = PBXBuildFile; fileRef = DE392CC2260AA28000715173 /* AddNoteView.swift */; };
		DE392CCA260AA29000715173 /* PreviousNoteView.swift in Sources */ = {isa = PBXBuildFile; fileRef = DE392CC9260AA29000715173 /* PreviousNoteView.swift */; };
		DE392CCB260AA29000715173 /* PreviousNoteView.swift in Sources */ = {isa = PBXBuildFile; fileRef = DE392CC9260AA29000715173 /* PreviousNoteView.swift */; };
		DE392CCC260AA29000715173 /* PreviousNoteView.swift in Sources */ = {isa = PBXBuildFile; fileRef = DE392CC9260AA29000715173 /* PreviousNoteView.swift */; };
		DE392CD1260AA2A800715173 /* DashboardView.swift in Sources */ = {isa = PBXBuildFile; fileRef = DE392CD0260AA2A800715173 /* DashboardView.swift */; };
		DE392CD2260AA2A800715173 /* DashboardView.swift in Sources */ = {isa = PBXBuildFile; fileRef = DE392CD0260AA2A800715173 /* DashboardView.swift */; };
		DE392CD3260AA2A800715173 /* DashboardView.swift in Sources */ = {isa = PBXBuildFile; fileRef = DE392CD0260AA2A800715173 /* DashboardView.swift */; };
		DE392CD8260AAB2400715173 /* SettingsView.swift in Sources */ = {isa = PBXBuildFile; fileRef = DE392CD7260AAB2400715173 /* SettingsView.swift */; };
		DE392CD9260AAB2500715173 /* SettingsView.swift in Sources */ = {isa = PBXBuildFile; fileRef = DE392CD7260AAB2400715173 /* SettingsView.swift */; };
		DE392CDA260AAB2500715173 /* SettingsView.swift in Sources */ = {isa = PBXBuildFile; fileRef = DE392CD7260AAB2400715173 /* SettingsView.swift */; };
		DE392CEA260AAB6000715173 /* SettingsModel.swift in Sources */ = {isa = PBXBuildFile; fileRef = DE392CE9260AAB6000715173 /* SettingsModel.swift */; };
		DE392CEB260AAB6000715173 /* SettingsModel.swift in Sources */ = {isa = PBXBuildFile; fileRef = DE392CE9260AAB6000715173 /* SettingsModel.swift */; };
		DE392CEC260AAB6000715173 /* SettingsModel.swift in Sources */ = {isa = PBXBuildFile; fileRef = DE392CE9260AAB6000715173 /* SettingsModel.swift */; };
		DE392CFA260AC64300715173 /* RingView.swift in Sources */ = {isa = PBXBuildFile; fileRef = DE392CF9260AC64300715173 /* RingView.swift */; };
		DE392CFB260AC64300715173 /* RingView.swift in Sources */ = {isa = PBXBuildFile; fileRef = DE392CF9260AC64300715173 /* RingView.swift */; };
		DE392CFC260AC64300715173 /* RingView.swift in Sources */ = {isa = PBXBuildFile; fileRef = DE392CF9260AC64300715173 /* RingView.swift */; };
		DE392D01260ACE1F00715173 /* NotesListView.swift in Sources */ = {isa = PBXBuildFile; fileRef = DE392D00260ACE1F00715173 /* NotesListView.swift */; };
		DE392D02260ACE1F00715173 /* NotesListView.swift in Sources */ = {isa = PBXBuildFile; fileRef = DE392D00260ACE1F00715173 /* NotesListView.swift */; };
		DE392D03260ACE1F00715173 /* NotesListView.swift in Sources */ = {isa = PBXBuildFile; fileRef = DE392D00260ACE1F00715173 /* NotesListView.swift */; };
		DE392D0E260ACE9900715173 /* SearchView.swift in Sources */ = {isa = PBXBuildFile; fileRef = DE392D0D260ACE9900715173 /* SearchView.swift */; };
		DE392D0F260ACE9900715173 /* SearchView.swift in Sources */ = {isa = PBXBuildFile; fileRef = DE392D0D260ACE9900715173 /* SearchView.swift */; };
		DE392D10260ACE9900715173 /* SearchView.swift in Sources */ = {isa = PBXBuildFile; fileRef = DE392D0D260ACE9900715173 /* SearchView.swift */; };
		DE392D1B260AD18300715173 /* TabsView.swift in Sources */ = {isa = PBXBuildFile; fileRef = DE392D1A260AD18300715173 /* TabsView.swift */; };
		DE392D1C260AD18300715173 /* TabsView.swift in Sources */ = {isa = PBXBuildFile; fileRef = DE392D1A260AD18300715173 /* TabsView.swift */; };
		DE392D1D260AD18300715173 /* TabsView.swift in Sources */ = {isa = PBXBuildFile; fileRef = DE392D1A260AD18300715173 /* TabsView.swift */; };
		DE392D2A260AE6C500715173 /* ChartView.swift in Sources */ = {isa = PBXBuildFile; fileRef = DE392D29260AE6C500715173 /* ChartView.swift */; };
		DE392D2B260AE6C500715173 /* ChartView.swift in Sources */ = {isa = PBXBuildFile; fileRef = DE392D29260AE6C500715173 /* ChartView.swift */; };
		DE392D2C260AE6C500715173 /* ChartView.swift in Sources */ = {isa = PBXBuildFile; fileRef = DE392D29260AE6C500715173 /* ChartView.swift */; };
		DE392D35260AE78500715173 /* Pages in Frameworks */ = {isa = PBXBuildFile; productRef = DE392D34260AE78500715173 /* Pages */; };
		DE392D3B260AE79600715173 /* SwiftUICharts in Frameworks */ = {isa = PBXBuildFile; productRef = DE392D3A260AE79600715173 /* SwiftUICharts */; };
		DE392D47260B0E0F00715173 /* SwiftSpeech in Frameworks */ = {isa = PBXBuildFile; productRef = DE392D46260B0E0F00715173 /* SwiftSpeech */; };
		DE392D50260B0F0900715173 /* EmojiPicker.swift in Sources */ = {isa = PBXBuildFile; fileRef = DE392D4F260B0F0900715173 /* EmojiPicker.swift */; };
		DE392D51260B0F0900715173 /* EmojiPicker.swift in Sources */ = {isa = PBXBuildFile; fileRef = DE392D4F260B0F0900715173 /* EmojiPicker.swift */; };
		DE392D52260B0F0900715173 /* EmojiPicker.swift in Sources */ = {isa = PBXBuildFile; fileRef = DE392D4F260B0F0900715173 /* EmojiPicker.swift */; };
		DE392D5A260B0FDA00715173 /* NoteButtonsView.swift in Sources */ = {isa = PBXBuildFile; fileRef = DE392D59260B0FDA00715173 /* NoteButtonsView.swift */; };
		DE392D5B260B0FDA00715173 /* NoteButtonsView.swift in Sources */ = {isa = PBXBuildFile; fileRef = DE392D59260B0FDA00715173 /* NoteButtonsView.swift */; };
		DE392D5C260B0FDA00715173 /* NoteButtonsView.swift in Sources */ = {isa = PBXBuildFile; fileRef = DE392D59260B0FDA00715173 /* NoteButtonsView.swift */; };
		DE392D61260B118B00715173 /* SwiftSpeechButtonView.swift in Sources */ = {isa = PBXBuildFile; fileRef = DE392D60260B118B00715173 /* SwiftSpeechButtonView.swift */; };
		DE392D62260B118B00715173 /* SwiftSpeechButtonView.swift in Sources */ = {isa = PBXBuildFile; fileRef = DE392D60260B118B00715173 /* SwiftSpeechButtonView.swift */; };
		DE392D63260B118B00715173 /* SwiftSpeechButtonView.swift in Sources */ = {isa = PBXBuildFile; fileRef = DE392D60260B118B00715173 /* SwiftSpeechButtonView.swift */; };
		DE392D7B260B154D00715173 /* PromptsView.swift in Sources */ = {isa = PBXBuildFile; fileRef = DE392D7A260B154D00715173 /* PromptsView.swift */; };
		DE392D7C260B154D00715173 /* PromptsView.swift in Sources */ = {isa = PBXBuildFile; fileRef = DE392D7A260B154D00715173 /* PromptsView.swift */; };
		DE392D7D260B154D00715173 /* PromptsView.swift in Sources */ = {isa = PBXBuildFile; fileRef = DE392D7A260B154D00715173 /* PromptsView.swift */; };
		DE392D89260BD23500715173 /* CustomizeJournalView.swift in Sources */ = {isa = PBXBuildFile; fileRef = DE392D88260BD23500715173 /* CustomizeJournalView.swift */; };
		DE392D8A260BD23500715173 /* CustomizeJournalView.swift in Sources */ = {isa = PBXBuildFile; fileRef = DE392D88260BD23500715173 /* CustomizeJournalView.swift */; };
		DE392D8B260BD23500715173 /* CustomizeJournalView.swift in Sources */ = {isa = PBXBuildFile; fileRef = DE392D88260BD23500715173 /* CustomizeJournalView.swift */; };
		DE392D93260BEC2700715173 /* PopOverView.swift in Sources */ = {isa = PBXBuildFile; fileRef = DE392D92260BEC2700715173 /* PopOverView.swift */; };
		DE392D94260BEC2700715173 /* PopOverView.swift in Sources */ = {isa = PBXBuildFile; fileRef = DE392D92260BEC2700715173 /* PopOverView.swift */; };
		DE392D95260BEC2700715173 /* PopOverView.swift in Sources */ = {isa = PBXBuildFile; fileRef = DE392D92260BEC2700715173 /* PopOverView.swift */; };
		DE392D9D260C512A00715173 /* HomeButtonView.swift in Sources */ = {isa = PBXBuildFile; fileRef = DE392D9C260C512A00715173 /* HomeButtonView.swift */; };
		DE392D9E260C512A00715173 /* HomeButtonView.swift in Sources */ = {isa = PBXBuildFile; fileRef = DE392D9C260C512A00715173 /* HomeButtonView.swift */; };
		DE392D9F260C512A00715173 /* HomeButtonView.swift in Sources */ = {isa = PBXBuildFile; fileRef = DE392D9C260C512A00715173 /* HomeButtonView.swift */; };
		DE392DAE260CE7CF00715173 /* NotificationsView.swift in Sources */ = {isa = PBXBuildFile; fileRef = DE392DAD260CE7CF00715173 /* NotificationsView.swift */; };
		DE392DAF260CE7CF00715173 /* NotificationsView.swift in Sources */ = {isa = PBXBuildFile; fileRef = DE392DAD260CE7CF00715173 /* NotificationsView.swift */; };
		DE392DB0260CE7CF00715173 /* NotificationsView.swift in Sources */ = {isa = PBXBuildFile; fileRef = DE392DAD260CE7CF00715173 /* NotificationsView.swift */; };
		DE5A4DA8260D65F0000FB0E9 /* CustomJournalView.swift in Sources */ = {isa = PBXBuildFile; fileRef = DE5A4DA7260D65F0000FB0E9 /* CustomJournalView.swift */; };
		DE5A4DA9260D65F0000FB0E9 /* CustomJournalView.swift in Sources */ = {isa = PBXBuildFile; fileRef = DE5A4DA7260D65F0000FB0E9 /* CustomJournalView.swift */; };
		DE5A4DAA260D65F0000FB0E9 /* CustomJournalView.swift in Sources */ = {isa = PBXBuildFile; fileRef = DE5A4DA7260D65F0000FB0E9 /* CustomJournalView.swift */; };
		DE5A4DAF260D6618000FB0E9 /* BookView.swift in Sources */ = {isa = PBXBuildFile; fileRef = DE5A4DAE260D6618000FB0E9 /* BookView.swift */; };
		DE5A4DB0260D6619000FB0E9 /* BookView.swift in Sources */ = {isa = PBXBuildFile; fileRef = DE5A4DAE260D6618000FB0E9 /* BookView.swift */; };
		DE5A4DB1260D6619000FB0E9 /* BookView.swift in Sources */ = {isa = PBXBuildFile; fileRef = DE5A4DAE260D6618000FB0E9 /* BookView.swift */; };
		DE5A4DC3260E8146000FB0E9 /* NotebookView.swift in Sources */ = {isa = PBXBuildFile; fileRef = DE5A4DC2260E8146000FB0E9 /* NotebookView.swift */; };
		DE5A4DC4260E8146000FB0E9 /* NotebookView.swift in Sources */ = {isa = PBXBuildFile; fileRef = DE5A4DC2260E8146000FB0E9 /* NotebookView.swift */; };
		DE5A4DC5260E8146000FB0E9 /* NotebookView.swift in Sources */ = {isa = PBXBuildFile; fileRef = DE5A4DC2260E8146000FB0E9 /* NotebookView.swift */; };
		DE5A4DCA260E8153000FB0E9 /* OldNotesView.swift in Sources */ = {isa = PBXBuildFile; fileRef = DE5A4DC9260E8153000FB0E9 /* OldNotesView.swift */; };
		DE5A4DCB260E8153000FB0E9 /* OldNotesView.swift in Sources */ = {isa = PBXBuildFile; fileRef = DE5A4DC9260E8153000FB0E9 /* OldNotesView.swift */; };
		DE5A4DCC260E8153000FB0E9 /* OldNotesView.swift in Sources */ = {isa = PBXBuildFile; fileRef = DE5A4DC9260E8153000FB0E9 /* OldNotesView.swift */; };
		DE5A4DD6260E9BE4000FB0E9 /* Poz_v3.xcdatamodeld in Sources */ = {isa = PBXBuildFile; fileRef = DE392C34260A8CBD00715173 /* Poz_v3.xcdatamodeld */; };
		DE5A4DD7260E9BE4000FB0E9 /* Poz_v3.xcdatamodeld in Sources */ = {isa = PBXBuildFile; fileRef = DE392C34260A8CBD00715173 /* Poz_v3.xcdatamodeld */; };
		DE5A4DD8260E9BE5000FB0E9 /* Poz_v3.xcdatamodeld in Sources */ = {isa = PBXBuildFile; fileRef = DE392C34260A8CBD00715173 /* Poz_v3.xcdatamodeld */; };
		DE5A4DDD260EC095000FB0E9 /* NoteTopMenuView.swift in Sources */ = {isa = PBXBuildFile; fileRef = DE5A4DDC260EC095000FB0E9 /* NoteTopMenuView.swift */; };
		DE5A4DDE260EC095000FB0E9 /* NoteTopMenuView.swift in Sources */ = {isa = PBXBuildFile; fileRef = DE5A4DDC260EC095000FB0E9 /* NoteTopMenuView.swift */; };
		DE5A4DDF260EC095000FB0E9 /* NoteTopMenuView.swift in Sources */ = {isa = PBXBuildFile; fileRef = DE5A4DDC260EC095000FB0E9 /* NoteTopMenuView.swift */; };
		DE982EAA260F25170087E0ED /* Color.swift in Sources */ = {isa = PBXBuildFile; fileRef = DE982EA1260F25150087E0ED /* Color.swift */; };
		DE982EAB260F25170087E0ED /* GrowingTextInputView.swift in Sources */ = {isa = PBXBuildFile; fileRef = DE982EA3260F25150087E0ED /* GrowingTextInputView.swift */; };
		DE982EAC260F25170087E0ED /* TextViewWrapper.swift in Sources */ = {isa = PBXBuildFile; fileRef = DE982EA4260F25150087E0ED /* TextViewWrapper.swift */; };
		DE982EAD260F25170087E0ED /* String+OrEmpty.swift in Sources */ = {isa = PBXBuildFile; fileRef = DE982EA0260F25150087E0ED /* String+OrEmpty.swift */; };
		DE982EB0260F25170087E0ED /* ChatView.swift in Sources */ = {isa = PBXBuildFile; fileRef = DE982EA6260F25150087E0ED /* ChatView.swift */; };
/* End PBXBuildFile section */

/* Begin PBXContainerItemProxy section */
		DE392C45260A8CBF00715173 /* PBXContainerItemProxy */ = {
			isa = PBXContainerItemProxy;
			containerPortal = DE392C23260A8CBD00715173 /* Project object */;
			proxyType = 1;
			remoteGlobalIDString = DE392C2A260A8CBD00715173;
			remoteInfo = "Poz-v3";
		};
		DE392C50260A8CC000715173 /* PBXContainerItemProxy */ = {
			isa = PBXContainerItemProxy;
			containerPortal = DE392C23260A8CBD00715173 /* Project object */;
			proxyType = 1;
			remoteGlobalIDString = DE392C2A260A8CBD00715173;
			remoteInfo = "Poz-v3";
		};
/* End PBXContainerItemProxy section */

/* Begin PBXFileReference section */
		DE392C2B260A8CBD00715173 /* Poz-v3.app */ = {isa = PBXFileReference; explicitFileType = wrapper.application; includeInIndex = 0; path = "Poz-v3.app"; sourceTree = BUILT_PRODUCTS_DIR; };
		DE392C2E260A8CBD00715173 /* AppDelegate.swift */ = {isa = PBXFileReference; lastKnownFileType = sourcecode.swift; path = AppDelegate.swift; sourceTree = "<group>"; };
		DE392C30260A8CBD00715173 /* SceneDelegate.swift */ = {isa = PBXFileReference; lastKnownFileType = sourcecode.swift; path = SceneDelegate.swift; sourceTree = "<group>"; };
		DE392C32260A8CBD00715173 /* ContentView.swift */ = {isa = PBXFileReference; lastKnownFileType = sourcecode.swift; path = ContentView.swift; sourceTree = "<group>"; };
		DE392C35260A8CBD00715173 /* Poz_v3.xcdatamodel */ = {isa = PBXFileReference; lastKnownFileType = wrapper.xcdatamodel; path = Poz_v3.xcdatamodel; sourceTree = "<group>"; };
		DE392C37260A8CBF00715173 /* Assets.xcassets */ = {isa = PBXFileReference; lastKnownFileType = folder.assetcatalog; path = Assets.xcassets; sourceTree = "<group>"; };
		DE392C3A260A8CBF00715173 /* Preview Assets.xcassets */ = {isa = PBXFileReference; lastKnownFileType = folder.assetcatalog; path = "Preview Assets.xcassets"; sourceTree = "<group>"; };
		DE392C3D260A8CBF00715173 /* Base */ = {isa = PBXFileReference; lastKnownFileType = file.storyboard; name = Base; path = Base.lproj/LaunchScreen.storyboard; sourceTree = "<group>"; };
		DE392C3F260A8CBF00715173 /* Info.plist */ = {isa = PBXFileReference; lastKnownFileType = text.plist.xml; path = Info.plist; sourceTree = "<group>"; };
		DE392C44260A8CBF00715173 /* Poz-v3Tests.xctest */ = {isa = PBXFileReference; explicitFileType = wrapper.cfbundle; includeInIndex = 0; path = "Poz-v3Tests.xctest"; sourceTree = BUILT_PRODUCTS_DIR; };
		DE392C48260A8CBF00715173 /* Poz_v3Tests.swift */ = {isa = PBXFileReference; lastKnownFileType = sourcecode.swift; path = Poz_v3Tests.swift; sourceTree = "<group>"; };
		DE392C4A260A8CBF00715173 /* Info.plist */ = {isa = PBXFileReference; lastKnownFileType = text.plist.xml; path = Info.plist; sourceTree = "<group>"; };
		DE392C4F260A8CC000715173 /* Poz-v3UITests.xctest */ = {isa = PBXFileReference; explicitFileType = wrapper.cfbundle; includeInIndex = 0; path = "Poz-v3UITests.xctest"; sourceTree = BUILT_PRODUCTS_DIR; };
		DE392C53260A8CC000715173 /* Poz_v3UITests.swift */ = {isa = PBXFileReference; lastKnownFileType = sourcecode.swift; path = Poz_v3UITests.swift; sourceTree = "<group>"; };
		DE392C55260A8CC000715173 /* Info.plist */ = {isa = PBXFileReference; lastKnownFileType = text.plist.xml; path = Info.plist; sourceTree = "<group>"; };
		DE392C64260A8CC600715173 /* Poppins-Regular.ttf */ = {isa = PBXFileReference; lastKnownFileType = file; path = "Poppins-Regular.ttf"; sourceTree = "<group>"; };
		DE392C65260A8CC600715173 /* Poppins-Light.ttf */ = {isa = PBXFileReference; lastKnownFileType = file; path = "Poppins-Light.ttf"; sourceTree = "<group>"; };
		DE392C66260A8CC600715173 /* Blueberry Regular.otf */ = {isa = PBXFileReference; lastKnownFileType = file; path = "Blueberry Regular.otf"; sourceTree = "<group>"; };
		DE392C67260A8CC600715173 /* Poppins-Bold.ttf */ = {isa = PBXFileReference; lastKnownFileType = file; path = "Poppins-Bold.ttf"; sourceTree = "<group>"; };
		DE392C9B260A8DD400715173 /* Poppins-Medium.ttf */ = {isa = PBXFileReference; lastKnownFileType = file; path = "Poppins-Medium.ttf"; sourceTree = "<group>"; };
		DE392CAB260A9F2600715173 /* HomeView.swift */ = {isa = PBXFileReference; lastKnownFileType = sourcecode.swift; path = HomeView.swift; sourceTree = "<group>"; };
		DE392CC2260AA28000715173 /* AddNoteView.swift */ = {isa = PBXFileReference; lastKnownFileType = sourcecode.swift; path = AddNoteView.swift; sourceTree = "<group>"; };
		DE392CC9260AA29000715173 /* PreviousNoteView.swift */ = {isa = PBXFileReference; lastKnownFileType = sourcecode.swift; path = PreviousNoteView.swift; sourceTree = "<group>"; };
		DE392CD0260AA2A800715173 /* DashboardView.swift */ = {isa = PBXFileReference; lastKnownFileType = sourcecode.swift; path = DashboardView.swift; sourceTree = "<group>"; };
		DE392CD7260AAB2400715173 /* SettingsView.swift */ = {isa = PBXFileReference; lastKnownFileType = sourcecode.swift; path = SettingsView.swift; sourceTree = "<group>"; };
		DE392CE9260AAB6000715173 /* SettingsModel.swift */ = {isa = PBXFileReference; lastKnownFileType = sourcecode.swift; path = SettingsModel.swift; sourceTree = "<group>"; };
		DE392CF9260AC64300715173 /* RingView.swift */ = {isa = PBXFileReference; lastKnownFileType = sourcecode.swift; path = RingView.swift; sourceTree = "<group>"; };
		DE392D00260ACE1F00715173 /* NotesListView.swift */ = {isa = PBXFileReference; fileEncoding = 4; lastKnownFileType = sourcecode.swift; path = NotesListView.swift; sourceTree = "<group>"; };
		DE392D0D260ACE9900715173 /* SearchView.swift */ = {isa = PBXFileReference; fileEncoding = 4; lastKnownFileType = sourcecode.swift; path = SearchView.swift; sourceTree = "<group>"; };
		DE392D1A260AD18300715173 /* TabsView.swift */ = {isa = PBXFileReference; lastKnownFileType = sourcecode.swift; path = TabsView.swift; sourceTree = "<group>"; };
		DE392D21260AE69700715173 /* ChartView */ = {isa = PBXFileReference; lastKnownFileType = folder; path = ChartView; sourceTree = "<group>"; };
		DE392D25260AE6AC00715173 /* Pages */ = {isa = PBXFileReference; lastKnownFileType = folder; path = Pages; sourceTree = "<group>"; };
		DE392D29260AE6C500715173 /* ChartView.swift */ = {isa = PBXFileReference; lastKnownFileType = sourcecode.swift; path = ChartView.swift; sourceTree = "<group>"; };
		DE392D4B260B0E2600715173 /* SwiftSpeech */ = {isa = PBXFileReference; lastKnownFileType = folder; path = SwiftSpeech; sourceTree = "<group>"; };
		DE392D4F260B0F0900715173 /* EmojiPicker.swift */ = {isa = PBXFileReference; fileEncoding = 4; lastKnownFileType = sourcecode.swift; path = EmojiPicker.swift; sourceTree = "<group>"; };
		DE392D59260B0FDA00715173 /* NoteButtonsView.swift */ = {isa = PBXFileReference; lastKnownFileType = sourcecode.swift; path = NoteButtonsView.swift; sourceTree = "<group>"; };
		DE392D60260B118B00715173 /* SwiftSpeechButtonView.swift */ = {isa = PBXFileReference; lastKnownFileType = sourcecode.swift; path = SwiftSpeechButtonView.swift; sourceTree = "<group>"; };
		DE392D7A260B154D00715173 /* PromptsView.swift */ = {isa = PBXFileReference; lastKnownFileType = sourcecode.swift; path = PromptsView.swift; sourceTree = "<group>"; };
		DE392D88260BD23500715173 /* CustomizeJournalView.swift */ = {isa = PBXFileReference; lastKnownFileType = sourcecode.swift; path = CustomizeJournalView.swift; sourceTree = "<group>"; };
		DE392D92260BEC2700715173 /* PopOverView.swift */ = {isa = PBXFileReference; lastKnownFileType = sourcecode.swift; path = PopOverView.swift; sourceTree = "<group>"; };
		DE392D9C260C512A00715173 /* HomeButtonView.swift */ = {isa = PBXFileReference; lastKnownFileType = sourcecode.swift; path = HomeButtonView.swift; sourceTree = "<group>"; };
		DE392DAD260CE7CF00715173 /* NotificationsView.swift */ = {isa = PBXFileReference; lastKnownFileType = sourcecode.swift; path = NotificationsView.swift; sourceTree = "<group>"; };
		DE5A4DA7260D65F0000FB0E9 /* CustomJournalView.swift */ = {isa = PBXFileReference; lastKnownFileType = sourcecode.swift; path = CustomJournalView.swift; sourceTree = "<group>"; };
		DE5A4DAE260D6618000FB0E9 /* BookView.swift */ = {isa = PBXFileReference; lastKnownFileType = sourcecode.swift; path = BookView.swift; sourceTree = "<group>"; };
		DE5A4DC2260E8146000FB0E9 /* NotebookView.swift */ = {isa = PBXFileReference; lastKnownFileType = sourcecode.swift; path = NotebookView.swift; sourceTree = "<group>"; };
		DE5A4DC9260E8153000FB0E9 /* OldNotesView.swift */ = {isa = PBXFileReference; lastKnownFileType = sourcecode.swift; path = OldNotesView.swift; sourceTree = "<group>"; };
		DE5A4DDC260EC095000FB0E9 /* NoteTopMenuView.swift */ = {isa = PBXFileReference; lastKnownFileType = sourcecode.swift; path = NoteTopMenuView.swift; sourceTree = "<group>"; };
		DE982EA0260F25150087E0ED /* String+OrEmpty.swift */ = {isa = PBXFileReference; lastKnownFileType = sourcecode.swift; path = "String+OrEmpty.swift"; sourceTree = "<group>"; };
		DE982EA1260F25150087E0ED /* Color.swift */ = {isa = PBXFileReference; lastKnownFileType = sourcecode.swift; path = Color.swift; sourceTree = "<group>"; };
		DE982EA3260F25150087E0ED /* GrowingTextInputView.swift */ = {isa = PBXFileReference; lastKnownFileType = sourcecode.swift; path = GrowingTextInputView.swift; sourceTree = "<group>"; };
		DE982EA4260F25150087E0ED /* TextViewWrapper.swift */ = {isa = PBXFileReference; lastKnownFileType = sourcecode.swift; path = TextViewWrapper.swift; sourceTree = "<group>"; };
		DE982EA6260F25150087E0ED /* ChatView.swift */ = {isa = PBXFileReference; lastKnownFileType = sourcecode.swift; path = ChatView.swift; sourceTree = "<group>"; };
/* End PBXFileReference section */

/* Begin PBXFrameworksBuildPhase section */
		DE392C28260A8CBD00715173 /* Frameworks */ = {
			isa = PBXFrameworksBuildPhase;
			buildActionMask = 2147483647;
			files = (
				DE392D35260AE78500715173 /* Pages in Frameworks */,
				DE392D47260B0E0F00715173 /* SwiftSpeech in Frameworks */,
				DE392D3B260AE79600715173 /* SwiftUICharts in Frameworks */,
			);
			runOnlyForDeploymentPostprocessing = 0;
		};
		DE392C41260A8CBF00715173 /* Frameworks */ = {
			isa = PBXFrameworksBuildPhase;
			buildActionMask = 2147483647;
			files = (
			);
			runOnlyForDeploymentPostprocessing = 0;
		};
		DE392C4C260A8CBF00715173 /* Frameworks */ = {
			isa = PBXFrameworksBuildPhase;
			buildActionMask = 2147483647;
			files = (
			);
			runOnlyForDeploymentPostprocessing = 0;
		};
/* End PBXFrameworksBuildPhase section */

/* Begin PBXGroup section */
		DE392C22260A8CBD00715173 = {
			isa = PBXGroup;
			children = (
				DE392C2D260A8CBD00715173 /* Poz-v3 */,
				DE392C47260A8CBF00715173 /* Poz-v3Tests */,
				DE392C52260A8CC000715173 /* Poz-v3UITests */,
				DE392C2C260A8CBD00715173 /* Products */,
				DE392D4B260B0E2600715173 /* SwiftSpeech */,
				DE392D25260AE6AC00715173 /* Pages */,
				DE392D21260AE69700715173 /* ChartView */,
			);
			sourceTree = "<group>";
		};
		DE392C2C260A8CBD00715173 /* Products */ = {
			isa = PBXGroup;
			children = (
				DE392C2B260A8CBD00715173 /* Poz-v3.app */,
				DE392C44260A8CBF00715173 /* Poz-v3Tests.xctest */,
				DE392C4F260A8CC000715173 /* Poz-v3UITests.xctest */,
			);
			name = Products;
			sourceTree = "<group>";
		};
		DE392C2D260A8CBD00715173 /* Poz-v3 */ = {
			isa = PBXGroup;
			children = (
				DE392C3F260A8CBF00715173 /* Info.plist */,
				DE392CB9260AA21E00715173 /* Views */,
				DE392CDE260AAB3200715173 /* Models */,
				DE392CDF260AAB3C00715173 /* Controllers */,
				DE982ECD260F7EC30087E0ED /* Supporting Files */,
				DE392C39260A8CBF00715173 /* Preview Content */,
			);
			path = "Poz-v3";
			sourceTree = "<group>";
		};
		DE392C39260A8CBF00715173 /* Preview Content */ = {
			isa = PBXGroup;
			children = (
				DE392C3A260A8CBF00715173 /* Preview Assets.xcassets */,
			);
			path = "Preview Content";
			sourceTree = "<group>";
		};
		DE392C47260A8CBF00715173 /* Poz-v3Tests */ = {
			isa = PBXGroup;
			children = (
				DE392C48260A8CBF00715173 /* Poz_v3Tests.swift */,
				DE392C4A260A8CBF00715173 /* Info.plist */,
			);
			path = "Poz-v3Tests";
			sourceTree = "<group>";
		};
		DE392C52260A8CC000715173 /* Poz-v3UITests */ = {
			isa = PBXGroup;
			children = (
				DE392C53260A8CC000715173 /* Poz_v3UITests.swift */,
				DE392C55260A8CC000715173 /* Info.plist */,
			);
			path = "Poz-v3UITests";
			sourceTree = "<group>";
		};
		DE392CB5260AA20C00715173 /* Fonts */ = {
			isa = PBXGroup;
			children = (
				DE392C66260A8CC600715173 /* Blueberry Regular.otf */,
				DE392C67260A8CC600715173 /* Poppins-Bold.ttf */,
				DE392C9B260A8DD400715173 /* Poppins-Medium.ttf */,
				DE392C65260A8CC600715173 /* Poppins-Light.ttf */,
				DE392C64260A8CC600715173 /* Poppins-Regular.ttf */,
			);
			path = Fonts;
			sourceTree = "<group>";
		};
		DE392CB9260AA21E00715173 /* Views */ = {
			isa = PBXGroup;
			children = (
				DE982E9B260F25140087E0ED /* GrowingTextView */,
				DE392D4F260B0F0900715173 /* EmojiPicker.swift */,
				DE5A4DAE260D6618000FB0E9 /* BookView.swift */,
				DE392C32260A8CBD00715173 /* ContentView.swift */,
				DE392CAB260A9F2600715173 /* HomeView.swift */,
				DE5A4DBB260E8135000FB0E9 /* Notebook */,
				DE392D29260AE6C500715173 /* ChartView.swift */,
				DE392CF9260AC64300715173 /* RingView.swift */,
				DE982EC0260F7E6B0087E0ED /* Buttons */,
				DE392D0D260ACE9900715173 /* SearchView.swift */,
				DE392D1A260AD18300715173 /* TabsView.swift */,
				DE392CC9260AA29000715173 /* PreviousNoteView.swift */,
				DE392CD0260AA2A800715173 /* DashboardView.swift */,
				DE392D87260BD21600715173 /* SettingsViews */,
			);
			path = Views;
			sourceTree = "<group>";
		};
		DE392CDE260AAB3200715173 /* Models */ = {
			isa = PBXGroup;
			children = (
				DE392CE9260AAB6000715173 /* SettingsModel.swift */,
			);
			path = Models;
			sourceTree = "<group>";
		};
		DE392CDF260AAB3C00715173 /* Controllers */ = {
			isa = PBXGroup;
			children = (
				DE392C2E260A8CBD00715173 /* AppDelegate.swift */,
				DE392C30260A8CBD00715173 /* SceneDelegate.swift */,
			);
			path = Controllers;
			sourceTree = "<group>";
		};
		DE392D87260BD21600715173 /* SettingsViews */ = {
			isa = PBXGroup;
			children = (
				DE392DAD260CE7CF00715173 /* NotificationsView.swift */,
				DE392CD7260AAB2400715173 /* SettingsView.swift */,
				DE392D88260BD23500715173 /* CustomizeJournalView.swift */,
				DE5A4DA7260D65F0000FB0E9 /* CustomJournalView.swift */,
			);
			path = SettingsViews;
			sourceTree = "<group>";
		};
		DE5A4DBB260E8135000FB0E9 /* Notebook */ = {
			isa = PBXGroup;
			children = (
				DE392CC2260AA28000715173 /* AddNoteView.swift */,
				DE5A4DDC260EC095000FB0E9 /* NoteTopMenuView.swift */,
				DE392D00260ACE1F00715173 /* NotesListView.swift */,
				DE5A4DC2260E8146000FB0E9 /* NotebookView.swift */,
				DE5A4DC9260E8153000FB0E9 /* OldNotesView.swift */,
			);
			path = Notebook;
			sourceTree = "<group>";
		};
		DE982E9B260F25140087E0ED /* GrowingTextView */ = {
			isa = PBXGroup;
			children = (
				DE982EA5260F25150087E0ED /* ExampleView */,
				DE982EA2260F25150087E0ED /* GrowinTextView */,
				DE982E9F260F25140087E0ED /* Extensions */,
			);
			path = GrowingTextView;
			sourceTree = "<group>";
		};
		DE982E9F260F25140087E0ED /* Extensions */ = {
			isa = PBXGroup;
			children = (
				DE982EA0260F25150087E0ED /* String+OrEmpty.swift */,
				DE982EA1260F25150087E0ED /* Color.swift */,
			);
			path = Extensions;
			sourceTree = "<group>";
		};
		DE982EA2260F25150087E0ED /* GrowinTextView */ = {
			isa = PBXGroup;
			children = (
				DE982EA3260F25150087E0ED /* GrowingTextInputView.swift */,
				DE982EA4260F25150087E0ED /* TextViewWrapper.swift */,
			);
			path = GrowinTextView;
			sourceTree = "<group>";
		};
		DE982EA5260F25150087E0ED /* ExampleView */ = {
			isa = PBXGroup;
			children = (
				DE982EA6260F25150087E0ED /* ChatView.swift */,
			);
			path = ExampleView;
			sourceTree = "<group>";
		};
		DE982EC0260F7E6B0087E0ED /* Buttons */ = {
			isa = PBXGroup;
			children = (
				DE392D60260B118B00715173 /* SwiftSpeechButtonView.swift */,
				DE392D7A260B154D00715173 /* PromptsView.swift */,
				DE392D92260BEC2700715173 /* PopOverView.swift */,
				DE392D9C260C512A00715173 /* HomeButtonView.swift */,
				DE392D59260B0FDA00715173 /* NoteButtonsView.swift */,
			);
			path = Buttons;
			sourceTree = "<group>";
		};
		DE982ECD260F7EC30087E0ED /* Supporting Files */ = {
			isa = PBXGroup;
			children = (
				DE392C37260A8CBF00715173 /* Assets.xcassets */,
				DE392C3C260A8CBF00715173 /* LaunchScreen.storyboard */,
				DE392CB5260AA20C00715173 /* Fonts */,
				DE392C34260A8CBD00715173 /* Poz_v3.xcdatamodeld */,
			);
			path = "Supporting Files";
			sourceTree = "<group>";
		};
/* End PBXGroup section */

/* Begin PBXNativeTarget section */
		DE392C2A260A8CBD00715173 /* Poz-v3 */ = {
			isa = PBXNativeTarget;
			buildConfigurationList = DE392C58260A8CC000715173 /* Build configuration list for PBXNativeTarget "Poz-v3" */;
			buildPhases = (
				DE392C27260A8CBD00715173 /* Sources */,
				DE392C28260A8CBD00715173 /* Frameworks */,
				DE392C29260A8CBD00715173 /* Resources */,
			);
			buildRules = (
			);
			dependencies = (
			);
			name = "Poz-v3";
			packageProductDependencies = (
				DE392D34260AE78500715173 /* Pages */,
				DE392D3A260AE79600715173 /* SwiftUICharts */,
				DE392D46260B0E0F00715173 /* SwiftSpeech */,
			);
			productName = "Poz-v3";
			productReference = DE392C2B260A8CBD00715173 /* Poz-v3.app */;
			productType = "com.apple.product-type.application";
		};
		DE392C43260A8CBF00715173 /* Poz-v3Tests */ = {
			isa = PBXNativeTarget;
			buildConfigurationList = DE392C5B260A8CC000715173 /* Build configuration list for PBXNativeTarget "Poz-v3Tests" */;
			buildPhases = (
				DE392C40260A8CBF00715173 /* Sources */,
				DE392C41260A8CBF00715173 /* Frameworks */,
				DE392C42260A8CBF00715173 /* Resources */,
			);
			buildRules = (
			);
			dependencies = (
				DE392C46260A8CBF00715173 /* PBXTargetDependency */,
			);
			name = "Poz-v3Tests";
			productName = "Poz-v3Tests";
			productReference = DE392C44260A8CBF00715173 /* Poz-v3Tests.xctest */;
			productType = "com.apple.product-type.bundle.unit-test";
		};
		DE392C4E260A8CBF00715173 /* Poz-v3UITests */ = {
			isa = PBXNativeTarget;
			buildConfigurationList = DE392C5E260A8CC000715173 /* Build configuration list for PBXNativeTarget "Poz-v3UITests" */;
			buildPhases = (
				DE392C4B260A8CBF00715173 /* Sources */,
				DE392C4C260A8CBF00715173 /* Frameworks */,
				DE392C4D260A8CBF00715173 /* Resources */,
			);
			buildRules = (
			);
			dependencies = (
				DE392C51260A8CC000715173 /* PBXTargetDependency */,
			);
			name = "Poz-v3UITests";
			productName = "Poz-v3UITests";
			productReference = DE392C4F260A8CC000715173 /* Poz-v3UITests.xctest */;
			productType = "com.apple.product-type.bundle.ui-testing";
		};
/* End PBXNativeTarget section */

/* Begin PBXProject section */
		DE392C23260A8CBD00715173 /* Project object */ = {
			isa = PBXProject;
			attributes = {
				LastSwiftUpdateCheck = 1240;
				LastUpgradeCheck = 1240;
				TargetAttributes = {
					DE392C2A260A8CBD00715173 = {
						CreatedOnToolsVersion = 12.4;
					};
					DE392C43260A8CBF00715173 = {
						CreatedOnToolsVersion = 12.4;
						TestTargetID = DE392C2A260A8CBD00715173;
					};
					DE392C4E260A8CBF00715173 = {
						CreatedOnToolsVersion = 12.4;
						TestTargetID = DE392C2A260A8CBD00715173;
					};
				};
			};
			buildConfigurationList = DE392C26260A8CBD00715173 /* Build configuration list for PBXProject "Poz-v3" */;
			compatibilityVersion = "Xcode 9.3";
			developmentRegion = en;
			hasScannedForEncodings = 0;
			knownRegions = (
				en,
				Base,
			);
			mainGroup = DE392C22260A8CBD00715173;
			packageReferences = (
				DE392D33260AE78500715173 /* XCRemoteSwiftPackageReference "Pages" */,
				DE392D39260AE79600715173 /* XCRemoteSwiftPackageReference "ChartView" */,
				DE392D45260B0E0F00715173 /* XCRemoteSwiftPackageReference "SwiftSpeech" */,
			);
			productRefGroup = DE392C2C260A8CBD00715173 /* Products */;
			projectDirPath = "";
			projectRoot = "";
			targets = (
				DE392C2A260A8CBD00715173 /* Poz-v3 */,
				DE392C43260A8CBF00715173 /* Poz-v3Tests */,
				DE392C4E260A8CBF00715173 /* Poz-v3UITests */,
			);
		};
/* End PBXProject section */

/* Begin PBXResourcesBuildPhase section */
		DE392C29260A8CBD00715173 /* Resources */ = {
			isa = PBXResourcesBuildPhase;
			buildActionMask = 2147483647;
			files = (
				DE392C3E260A8CBF00715173 /* LaunchScreen.storyboard in Resources */,
				DE392C83260A8D8800715173 /* Poppins-Light.ttf in Resources */,
				DE392C8F260A8D8B00715173 /* Poppins-Regular.ttf in Resources */,
				DE392C3B260A8CBF00715173 /* Preview Assets.xcassets in Resources */,
				DE392C77260A8D8500715173 /* Poppins-Bold.ttf in Resources */,
				DE392C9C260A8DD400715173 /* Poppins-Medium.ttf in Resources */,
				DE392C6B260A8D8200715173 /* Blueberry Regular.otf in Resources */,
				DE392C38260A8CBF00715173 /* Assets.xcassets in Resources */,
			);
			runOnlyForDeploymentPostprocessing = 0;
		};
		DE392C42260A8CBF00715173 /* Resources */ = {
			isa = PBXResourcesBuildPhase;
			buildActionMask = 2147483647;
			files = (
				DE392C6F260A8D8200715173 /* Blueberry Regular.otf in Resources */,
				DE392C87260A8D8800715173 /* Poppins-Light.ttf in Resources */,
				DE392C7B260A8D8500715173 /* Poppins-Bold.ttf in Resources */,
				DE392C93260A8D8B00715173 /* Poppins-Regular.ttf in Resources */,
				DE392C9D260A8DD400715173 /* Poppins-Medium.ttf in Resources */,
			);
			runOnlyForDeploymentPostprocessing = 0;
		};
		DE392C4D260A8CBF00715173 /* Resources */ = {
			isa = PBXResourcesBuildPhase;
			buildActionMask = 2147483647;
			files = (
				DE392C73260A8D8300715173 /* Blueberry Regular.otf in Resources */,
				DE392C8B260A8D8800715173 /* Poppins-Light.ttf in Resources */,
				DE392C7F260A8D8600715173 /* Poppins-Bold.ttf in Resources */,
				DE392C97260A8D8B00715173 /* Poppins-Regular.ttf in Resources */,
				DE392C9E260A8DD400715173 /* Poppins-Medium.ttf in Resources */,
			);
			runOnlyForDeploymentPostprocessing = 0;
		};
/* End PBXResourcesBuildPhase section */

/* Begin PBXSourcesBuildPhase section */
		DE392C27260A8CBD00715173 /* Sources */ = {
			isa = PBXSourcesBuildPhase;
			buildActionMask = 2147483647;
			files = (
				DE392D5A260B0FDA00715173 /* NoteButtonsView.swift in Sources */,
				DE982EB0260F25170087E0ED /* ChatView.swift in Sources */,
				DE392CC3260AA28000715173 /* AddNoteView.swift in Sources */,
				DE392D93260BEC2700715173 /* PopOverView.swift in Sources */,
				DE392CD1260AA2A800715173 /* DashboardView.swift in Sources */,
				DE5A4DAF260D6618000FB0E9 /* BookView.swift in Sources */,
				DE5A4DD8260E9BE5000FB0E9 /* Poz_v3.xcdatamodeld in Sources */,
				DE392CD8260AAB2400715173 /* SettingsView.swift in Sources */,
				DE392CCA260AA29000715173 /* PreviousNoteView.swift in Sources */,
				DE982EAC260F25170087E0ED /* TextViewWrapper.swift in Sources */,
				DE392CFA260AC64300715173 /* RingView.swift in Sources */,
				DE392D9D260C512A00715173 /* HomeButtonView.swift in Sources */,
				DE982EAB260F25170087E0ED /* GrowingTextInputView.swift in Sources */,
				DE392D61260B118B00715173 /* SwiftSpeechButtonView.swift in Sources */,
				DE982EAA260F25170087E0ED /* Color.swift in Sources */,
				DE392D7B260B154D00715173 /* PromptsView.swift in Sources */,
				DE392C2F260A8CBD00715173 /* AppDelegate.swift in Sources */,
				DE392D89260BD23500715173 /* CustomizeJournalView.swift in Sources */,
				DE392D01260ACE1F00715173 /* NotesListView.swift in Sources */,
				DE392D2A260AE6C500715173 /* ChartView.swift in Sources */,
				DE392DAE260CE7CF00715173 /* NotificationsView.swift in Sources */,
				DE5A4DDD260EC095000FB0E9 /* NoteTopMenuView.swift in Sources */,
				DE5A4DCA260E8153000FB0E9 /* OldNotesView.swift in Sources */,
				DE392D1B260AD18300715173 /* TabsView.swift in Sources */,
				DE392D0E260ACE9900715173 /* SearchView.swift in Sources */,
				DE392CEA260AAB6000715173 /* SettingsModel.swift in Sources */,
				DE5A4DA8260D65F0000FB0E9 /* CustomJournalView.swift in Sources */,
				DE5A4DC3260E8146000FB0E9 /* NotebookView.swift in Sources */,
				DE982EAD260F25170087E0ED /* String+OrEmpty.swift in Sources */,
				DE392C31260A8CBD00715173 /* SceneDelegate.swift in Sources */,
				DE392CAC260A9F2600715173 /* HomeView.swift in Sources */,
				DE392D50260B0F0900715173 /* EmojiPicker.swift in Sources */,
				DE392C33260A8CBD00715173 /* ContentView.swift in Sources */,
			);
			runOnlyForDeploymentPostprocessing = 0;
		};
		DE392C40260A8CBF00715173 /* Sources */ = {
			isa = PBXSourcesBuildPhase;
			buildActionMask = 2147483647;
			files = (
				DE392CEB260AAB6000715173 /* SettingsModel.swift in Sources */,
				DE5A4DC4260E8146000FB0E9 /* NotebookView.swift in Sources */,
				DE5A4DA9260D65F0000FB0E9 /* CustomJournalView.swift in Sources */,
				DE392D2B260AE6C500715173 /* ChartView.swift in Sources */,
				DE392CD9260AAB2500715173 /* SettingsView.swift in Sources */,
				DE5A4DCB260E8153000FB0E9 /* OldNotesView.swift in Sources */,
				DE392D5B260B0FDA00715173 /* NoteButtonsView.swift in Sources */,
				DE392C49260A8CBF00715173 /* Poz_v3Tests.swift in Sources */,
				DE392CFB260AC64300715173 /* RingView.swift in Sources */,
				DE392CD2260AA2A800715173 /* DashboardView.swift in Sources */,
				DE5A4DD6260E9BE4000FB0E9 /* Poz_v3.xcdatamodeld in Sources */,
				DE392D62260B118B00715173 /* SwiftSpeechButtonView.swift in Sources */,
				DE392D8A260BD23500715173 /* CustomizeJournalView.swift in Sources */,
				DE392D51260B0F0900715173 /* EmojiPicker.swift in Sources */,
				DE392D02260ACE1F00715173 /* NotesListView.swift in Sources */,
				DE392D94260BEC2700715173 /* PopOverView.swift in Sources */,
				DE5A4DB0260D6619000FB0E9 /* BookView.swift in Sources */,
				DE392D1C260AD18300715173 /* TabsView.swift in Sources */,
				DE392D7C260B154D00715173 /* PromptsView.swift in Sources */,
				DE392D9E260C512A00715173 /* HomeButtonView.swift in Sources */,
				DE392CAD260A9F2600715173 /* HomeView.swift in Sources */,
				DE392CC4260AA28000715173 /* AddNoteView.swift in Sources */,
				DE392CBB260AA22300715173 /* ContentView.swift in Sources */,
				DE5A4DDE260EC095000FB0E9 /* NoteTopMenuView.swift in Sources */,
				DE392CCB260AA29000715173 /* PreviousNoteView.swift in Sources */,
				DE392D0F260ACE9900715173 /* SearchView.swift in Sources */,
				DE392DAF260CE7CF00715173 /* NotificationsView.swift in Sources */,
			);
			runOnlyForDeploymentPostprocessing = 0;
		};
		DE392C4B260A8CBF00715173 /* Sources */ = {
			isa = PBXSourcesBuildPhase;
			buildActionMask = 2147483647;
			files = (
				DE392CEC260AAB6000715173 /* SettingsModel.swift in Sources */,
				DE5A4DC5260E8146000FB0E9 /* NotebookView.swift in Sources */,
				DE5A4DAA260D65F0000FB0E9 /* CustomJournalView.swift in Sources */,
				DE392D2C260AE6C500715173 /* ChartView.swift in Sources */,
				DE392CDA260AAB2500715173 /* SettingsView.swift in Sources */,
				DE5A4DCC260E8153000FB0E9 /* OldNotesView.swift in Sources */,
				DE392D5C260B0FDA00715173 /* NoteButtonsView.swift in Sources */,
				DE392C54260A8CC000715173 /* Poz_v3UITests.swift in Sources */,
				DE392CFC260AC64300715173 /* RingView.swift in Sources */,
				DE392CD3260AA2A800715173 /* DashboardView.swift in Sources */,
				DE5A4DD7260E9BE4000FB0E9 /* Poz_v3.xcdatamodeld in Sources */,
				DE392D63260B118B00715173 /* SwiftSpeechButtonView.swift in Sources */,
				DE392D8B260BD23500715173 /* CustomizeJournalView.swift in Sources */,
				DE392D52260B0F0900715173 /* EmojiPicker.swift in Sources */,
				DE392D03260ACE1F00715173 /* NotesListView.swift in Sources */,
				DE392D95260BEC2700715173 /* PopOverView.swift in Sources */,
				DE5A4DB1260D6619000FB0E9 /* BookView.swift in Sources */,
				DE392D1D260AD18300715173 /* TabsView.swift in Sources */,
				DE392D7D260B154D00715173 /* PromptsView.swift in Sources */,
				DE392D9F260C512A00715173 /* HomeButtonView.swift in Sources */,
				DE392CAE260A9F2600715173 /* HomeView.swift in Sources */,
				DE392CC5260AA28000715173 /* AddNoteView.swift in Sources */,
				DE392CBA260AA22300715173 /* ContentView.swift in Sources */,
				DE5A4DDF260EC095000FB0E9 /* NoteTopMenuView.swift in Sources */,
				DE392CCC260AA29000715173 /* PreviousNoteView.swift in Sources */,
				DE392D10260ACE9900715173 /* SearchView.swift in Sources */,
				DE392DB0260CE7CF00715173 /* NotificationsView.swift in Sources */,
			);
			runOnlyForDeploymentPostprocessing = 0;
		};
/* End PBXSourcesBuildPhase section */

/* Begin PBXTargetDependency section */
		DE392C46260A8CBF00715173 /* PBXTargetDependency */ = {
			isa = PBXTargetDependency;
			target = DE392C2A260A8CBD00715173 /* Poz-v3 */;
			targetProxy = DE392C45260A8CBF00715173 /* PBXContainerItemProxy */;
		};
		DE392C51260A8CC000715173 /* PBXTargetDependency */ = {
			isa = PBXTargetDependency;
			target = DE392C2A260A8CBD00715173 /* Poz-v3 */;
			targetProxy = DE392C50260A8CC000715173 /* PBXContainerItemProxy */;
		};
/* End PBXTargetDependency section */

/* Begin PBXVariantGroup section */
		DE392C3C260A8CBF00715173 /* LaunchScreen.storyboard */ = {
			isa = PBXVariantGroup;
			children = (
				DE392C3D260A8CBF00715173 /* Base */,
			);
			name = LaunchScreen.storyboard;
			sourceTree = "<group>";
		};
/* End PBXVariantGroup section */

/* Begin XCBuildConfiguration section */
		DE392C56260A8CC000715173 /* Debug */ = {
			isa = XCBuildConfiguration;
			buildSettings = {
				ALWAYS_SEARCH_USER_PATHS = NO;
				CLANG_ANALYZER_NONNULL = YES;
				CLANG_ANALYZER_NUMBER_OBJECT_CONVERSION = YES_AGGRESSIVE;
				CLANG_CXX_LANGUAGE_STANDARD = "gnu++14";
				CLANG_CXX_LIBRARY = "libc++";
				CLANG_ENABLE_MODULES = YES;
				CLANG_ENABLE_OBJC_ARC = YES;
				CLANG_ENABLE_OBJC_WEAK = YES;
				CLANG_WARN_BLOCK_CAPTURE_AUTORELEASING = YES;
				CLANG_WARN_BOOL_CONVERSION = YES;
				CLANG_WARN_COMMA = YES;
				CLANG_WARN_CONSTANT_CONVERSION = YES;
				CLANG_WARN_DEPRECATED_OBJC_IMPLEMENTATIONS = YES;
				CLANG_WARN_DIRECT_OBJC_ISA_USAGE = YES_ERROR;
				CLANG_WARN_DOCUMENTATION_COMMENTS = YES;
				CLANG_WARN_EMPTY_BODY = YES;
				CLANG_WARN_ENUM_CONVERSION = YES;
				CLANG_WARN_INFINITE_RECURSION = YES;
				CLANG_WARN_INT_CONVERSION = YES;
				CLANG_WARN_NON_LITERAL_NULL_CONVERSION = YES;
				CLANG_WARN_OBJC_IMPLICIT_RETAIN_SELF = YES;
				CLANG_WARN_OBJC_LITERAL_CONVERSION = YES;
				CLANG_WARN_OBJC_ROOT_CLASS = YES_ERROR;
				CLANG_WARN_QUOTED_INCLUDE_IN_FRAMEWORK_HEADER = YES;
				CLANG_WARN_RANGE_LOOP_ANALYSIS = YES;
				CLANG_WARN_STRICT_PROTOTYPES = YES;
				CLANG_WARN_SUSPICIOUS_MOVE = YES;
				CLANG_WARN_UNGUARDED_AVAILABILITY = YES_AGGRESSIVE;
				CLANG_WARN_UNREACHABLE_CODE = YES;
				CLANG_WARN__DUPLICATE_METHOD_MATCH = YES;
				COPY_PHASE_STRIP = NO;
				DEBUG_INFORMATION_FORMAT = dwarf;
				ENABLE_STRICT_OBJC_MSGSEND = YES;
				ENABLE_TESTABILITY = YES;
				GCC_C_LANGUAGE_STANDARD = gnu11;
				GCC_DYNAMIC_NO_PIC = NO;
				GCC_NO_COMMON_BLOCKS = YES;
				GCC_OPTIMIZATION_LEVEL = 0;
				GCC_PREPROCESSOR_DEFINITIONS = (
					"DEBUG=1",
					"$(inherited)",
				);
				GCC_WARN_64_TO_32_BIT_CONVERSION = YES;
				GCC_WARN_ABOUT_RETURN_TYPE = YES_ERROR;
				GCC_WARN_UNDECLARED_SELECTOR = YES;
				GCC_WARN_UNINITIALIZED_AUTOS = YES_AGGRESSIVE;
				GCC_WARN_UNUSED_FUNCTION = YES;
				GCC_WARN_UNUSED_VARIABLE = YES;
				IPHONEOS_DEPLOYMENT_TARGET = 14.4;
				MTL_ENABLE_DEBUG_INFO = INCLUDE_SOURCE;
				MTL_FAST_MATH = YES;
				ONLY_ACTIVE_ARCH = YES;
				SDKROOT = iphoneos;
				SWIFT_ACTIVE_COMPILATION_CONDITIONS = DEBUG;
				SWIFT_OPTIMIZATION_LEVEL = "-Onone";
			};
			name = Debug;
		};
		DE392C57260A8CC000715173 /* Release */ = {
			isa = XCBuildConfiguration;
			buildSettings = {
				ALWAYS_SEARCH_USER_PATHS = NO;
				CLANG_ANALYZER_NONNULL = YES;
				CLANG_ANALYZER_NUMBER_OBJECT_CONVERSION = YES_AGGRESSIVE;
				CLANG_CXX_LANGUAGE_STANDARD = "gnu++14";
				CLANG_CXX_LIBRARY = "libc++";
				CLANG_ENABLE_MODULES = YES;
				CLANG_ENABLE_OBJC_ARC = YES;
				CLANG_ENABLE_OBJC_WEAK = YES;
				CLANG_WARN_BLOCK_CAPTURE_AUTORELEASING = YES;
				CLANG_WARN_BOOL_CONVERSION = YES;
				CLANG_WARN_COMMA = YES;
				CLANG_WARN_CONSTANT_CONVERSION = YES;
				CLANG_WARN_DEPRECATED_OBJC_IMPLEMENTATIONS = YES;
				CLANG_WARN_DIRECT_OBJC_ISA_USAGE = YES_ERROR;
				CLANG_WARN_DOCUMENTATION_COMMENTS = YES;
				CLANG_WARN_EMPTY_BODY = YES;
				CLANG_WARN_ENUM_CONVERSION = YES;
				CLANG_WARN_INFINITE_RECURSION = YES;
				CLANG_WARN_INT_CONVERSION = YES;
				CLANG_WARN_NON_LITERAL_NULL_CONVERSION = YES;
				CLANG_WARN_OBJC_IMPLICIT_RETAIN_SELF = YES;
				CLANG_WARN_OBJC_LITERAL_CONVERSION = YES;
				CLANG_WARN_OBJC_ROOT_CLASS = YES_ERROR;
				CLANG_WARN_QUOTED_INCLUDE_IN_FRAMEWORK_HEADER = YES;
				CLANG_WARN_RANGE_LOOP_ANALYSIS = YES;
				CLANG_WARN_STRICT_PROTOTYPES = YES;
				CLANG_WARN_SUSPICIOUS_MOVE = YES;
				CLANG_WARN_UNGUARDED_AVAILABILITY = YES_AGGRESSIVE;
				CLANG_WARN_UNREACHABLE_CODE = YES;
				CLANG_WARN__DUPLICATE_METHOD_MATCH = YES;
				COPY_PHASE_STRIP = NO;
				DEBUG_INFORMATION_FORMAT = "dwarf-with-dsym";
				ENABLE_NS_ASSERTIONS = NO;
				ENABLE_STRICT_OBJC_MSGSEND = YES;
				GCC_C_LANGUAGE_STANDARD = gnu11;
				GCC_NO_COMMON_BLOCKS = YES;
				GCC_WARN_64_TO_32_BIT_CONVERSION = YES;
				GCC_WARN_ABOUT_RETURN_TYPE = YES_ERROR;
				GCC_WARN_UNDECLARED_SELECTOR = YES;
				GCC_WARN_UNINITIALIZED_AUTOS = YES_AGGRESSIVE;
				GCC_WARN_UNUSED_FUNCTION = YES;
				GCC_WARN_UNUSED_VARIABLE = YES;
				IPHONEOS_DEPLOYMENT_TARGET = 14.4;
				MTL_ENABLE_DEBUG_INFO = NO;
				MTL_FAST_MATH = YES;
				SDKROOT = iphoneos;
				SWIFT_COMPILATION_MODE = wholemodule;
				SWIFT_OPTIMIZATION_LEVEL = "-O";
				VALIDATE_PRODUCT = YES;
			};
			name = Release;
		};
		DE392C59260A8CC000715173 /* Debug */ = {
			isa = XCBuildConfiguration;
			buildSettings = {
				ASSETCATALOG_COMPILER_APPICON_NAME = AppIcon;
				ASSETCATALOG_COMPILER_GLOBAL_ACCENT_COLOR_NAME = AccentColor;
				CODE_SIGN_STYLE = Automatic;
				DEVELOPMENT_ASSET_PATHS = "\"Poz-v3/Preview Content\"";
				DEVELOPMENT_TEAM = GN3TH9WD6W;
				ENABLE_PREVIEWS = YES;
				INFOPLIST_FILE = "Poz-v3/Info.plist";
				LD_RUNPATH_SEARCH_PATHS = (
					"$(inherited)",
					"@executable_path/Frameworks",
				);
				PRODUCT_BUNDLE_IDENTIFIER = "Kish.Poz-v3";
				PRODUCT_NAME = "$(TARGET_NAME)";
				SWIFT_VERSION = 5.0;
				TARGETED_DEVICE_FAMILY = "1,2";
			};
			name = Debug;
		};
		DE392C5A260A8CC000715173 /* Release */ = {
			isa = XCBuildConfiguration;
			buildSettings = {
				ASSETCATALOG_COMPILER_APPICON_NAME = AppIcon;
				ASSETCATALOG_COMPILER_GLOBAL_ACCENT_COLOR_NAME = AccentColor;
				CODE_SIGN_STYLE = Automatic;
				DEVELOPMENT_ASSET_PATHS = "\"Poz-v3/Preview Content\"";
				DEVELOPMENT_TEAM = GN3TH9WD6W;
				ENABLE_PREVIEWS = YES;
				INFOPLIST_FILE = "Poz-v3/Info.plist";
				LD_RUNPATH_SEARCH_PATHS = (
					"$(inherited)",
					"@executable_path/Frameworks",
				);
				PRODUCT_BUNDLE_IDENTIFIER = "Kish.Poz-v3";
				PRODUCT_NAME = "$(TARGET_NAME)";
				SWIFT_VERSION = 5.0;
				TARGETED_DEVICE_FAMILY = "1,2";
			};
			name = Release;
		};
		DE392C5C260A8CC000715173 /* Debug */ = {
			isa = XCBuildConfiguration;
			buildSettings = {
				ALWAYS_EMBED_SWIFT_STANDARD_LIBRARIES = YES;
				BUNDLE_LOADER = "$(TEST_HOST)";
				CODE_SIGN_STYLE = Automatic;
				DEVELOPMENT_TEAM = GN3TH9WD6W;
				INFOPLIST_FILE = "Poz-v3Tests/Info.plist";
				IPHONEOS_DEPLOYMENT_TARGET = 14.4;
				LD_RUNPATH_SEARCH_PATHS = (
					"$(inherited)",
					"@executable_path/Frameworks",
					"@loader_path/Frameworks",
				);
				PRODUCT_BUNDLE_IDENTIFIER = "Kish.Poz-v3Tests";
				PRODUCT_NAME = "$(TARGET_NAME)";
				SWIFT_VERSION = 5.0;
				TARGETED_DEVICE_FAMILY = "1,2";
				TEST_HOST = "$(BUILT_PRODUCTS_DIR)/Poz-v3.app/Poz-v3";
			};
			name = Debug;
		};
		DE392C5D260A8CC000715173 /* Release */ = {
			isa = XCBuildConfiguration;
			buildSettings = {
				ALWAYS_EMBED_SWIFT_STANDARD_LIBRARIES = YES;
				BUNDLE_LOADER = "$(TEST_HOST)";
				CODE_SIGN_STYLE = Automatic;
				DEVELOPMENT_TEAM = GN3TH9WD6W;
				INFOPLIST_FILE = "Poz-v3Tests/Info.plist";
				IPHONEOS_DEPLOYMENT_TARGET = 14.4;
				LD_RUNPATH_SEARCH_PATHS = (
					"$(inherited)",
					"@executable_path/Frameworks",
					"@loader_path/Frameworks",
				);
				PRODUCT_BUNDLE_IDENTIFIER = "Kish.Poz-v3Tests";
				PRODUCT_NAME = "$(TARGET_NAME)";
				SWIFT_VERSION = 5.0;
				TARGETED_DEVICE_FAMILY = "1,2";
				TEST_HOST = "$(BUILT_PRODUCTS_DIR)/Poz-v3.app/Poz-v3";
			};
			name = Release;
		};
		DE392C5F260A8CC000715173 /* Debug */ = {
			isa = XCBuildConfiguration;
			buildSettings = {
				ALWAYS_EMBED_SWIFT_STANDARD_LIBRARIES = YES;
				CODE_SIGN_STYLE = Automatic;
				DEVELOPMENT_TEAM = GN3TH9WD6W;
				INFOPLIST_FILE = "Poz-v3UITests/Info.plist";
				LD_RUNPATH_SEARCH_PATHS = (
					"$(inherited)",
					"@executable_path/Frameworks",
					"@loader_path/Frameworks",
				);
				PRODUCT_BUNDLE_IDENTIFIER = "Kish.Poz-v3UITests";
				PRODUCT_NAME = "$(TARGET_NAME)";
				SWIFT_VERSION = 5.0;
				TARGETED_DEVICE_FAMILY = "1,2";
				TEST_TARGET_NAME = "Poz-v3";
			};
			name = Debug;
		};
		DE392C60260A8CC000715173 /* Release */ = {
			isa = XCBuildConfiguration;
			buildSettings = {
				ALWAYS_EMBED_SWIFT_STANDARD_LIBRARIES = YES;
				CODE_SIGN_STYLE = Automatic;
				DEVELOPMENT_TEAM = GN3TH9WD6W;
				INFOPLIST_FILE = "Poz-v3UITests/Info.plist";
				LD_RUNPATH_SEARCH_PATHS = (
					"$(inherited)",
					"@executable_path/Frameworks",
					"@loader_path/Frameworks",
				);
				PRODUCT_BUNDLE_IDENTIFIER = "Kish.Poz-v3UITests";
				PRODUCT_NAME = "$(TARGET_NAME)";
				SWIFT_VERSION = 5.0;
				TARGETED_DEVICE_FAMILY = "1,2";
				TEST_TARGET_NAME = "Poz-v3";
			};
			name = Release;
		};
/* End XCBuildConfiguration section */

/* Begin XCConfigurationList section */
		DE392C26260A8CBD00715173 /* Build configuration list for PBXProject "Poz-v3" */ = {
			isa = XCConfigurationList;
			buildConfigurations = (
				DE392C56260A8CC000715173 /* Debug */,
				DE392C57260A8CC000715173 /* Release */,
			);
			defaultConfigurationIsVisible = 0;
			defaultConfigurationName = Release;
		};
		DE392C58260A8CC000715173 /* Build configuration list for PBXNativeTarget "Poz-v3" */ = {
			isa = XCConfigurationList;
			buildConfigurations = (
				DE392C59260A8CC000715173 /* Debug */,
				DE392C5A260A8CC000715173 /* Release */,
			);
			defaultConfigurationIsVisible = 0;
			defaultConfigurationName = Release;
		};
		DE392C5B260A8CC000715173 /* Build configuration list for PBXNativeTarget "Poz-v3Tests" */ = {
			isa = XCConfigurationList;
			buildConfigurations = (
				DE392C5C260A8CC000715173 /* Debug */,
				DE392C5D260A8CC000715173 /* Release */,
			);
			defaultConfigurationIsVisible = 0;
			defaultConfigurationName = Release;
		};
		DE392C5E260A8CC000715173 /* Build configuration list for PBXNativeTarget "Poz-v3UITests" */ = {
			isa = XCConfigurationList;
			buildConfigurations = (
				DE392C5F260A8CC000715173 /* Debug */,
				DE392C60260A8CC000715173 /* Release */,
			);
			defaultConfigurationIsVisible = 0;
			defaultConfigurationName = Release;
		};
/* End XCConfigurationList section */

/* Begin XCRemoteSwiftPackageReference section */
		DE392D33260AE78500715173 /* XCRemoteSwiftPackageReference "Pages" */ = {
			isa = XCRemoteSwiftPackageReference;
			repositoryURL = "https://github.com/nachonavarro/Pages";
			requirement = {
				kind = upToNextMajorVersion;
				minimumVersion = 0.1.5;
			};
		};
		DE392D39260AE79600715173 /* XCRemoteSwiftPackageReference "ChartView" */ = {
			isa = XCRemoteSwiftPackageReference;
			repositoryURL = "https://github.com/AppPear/ChartView";
			requirement = {
				kind = upToNextMajorVersion;
				minimumVersion = 1.5.4;
			};
		};
		DE392D45260B0E0F00715173 /* XCRemoteSwiftPackageReference "SwiftSpeech" */ = {
			isa = XCRemoteSwiftPackageReference;
			repositoryURL = "https://github.com/Cay-Zhang/SwiftSpeech";
			requirement = {
				kind = upToNextMajorVersion;
				minimumVersion = 0.9.2;
			};
		};
/* End XCRemoteSwiftPackageReference section */

/* Begin XCSwiftPackageProductDependency section */
		DE392D34260AE78500715173 /* Pages */ = {
			isa = XCSwiftPackageProductDependency;
			package = DE392D33260AE78500715173 /* XCRemoteSwiftPackageReference "Pages" */;
			productName = Pages;
		};
		DE392D3A260AE79600715173 /* SwiftUICharts */ = {
			isa = XCSwiftPackageProductDependency;
			package = DE392D39260AE79600715173 /* XCRemoteSwiftPackageReference "ChartView" */;
			productName = SwiftUICharts;
		};
		DE392D46260B0E0F00715173 /* SwiftSpeech */ = {
			isa = XCSwiftPackageProductDependency;
			package = DE392D45260B0E0F00715173 /* XCRemoteSwiftPackageReference "SwiftSpeech" */;
			productName = SwiftSpeech;
		};
/* End XCSwiftPackageProductDependency section */

/* Begin XCVersionGroup section */
		DE392C34260A8CBD00715173 /* Poz_v3.xcdatamodeld */ = {
			isa = XCVersionGroup;
			children = (
				DE392C35260A8CBD00715173 /* Poz_v3.xcdatamodel */,
			);
			currentVersion = DE392C35260A8CBD00715173 /* Poz_v3.xcdatamodel */;
			path = Poz_v3.xcdatamodeld;
			sourceTree = "<group>";
			versionGroupType = wrapper.xcdatamodel;
		};
/* End XCVersionGroup section */
	};
	rootObject = DE392C23260A8CBD00715173 /* Project object */;
}
